// !$*UTF8*$!
{
	archiveVersion = 1;
	classes = {
	};
	objectVersion = 50;
	objects = {

/* Begin PBXBuildFile section */
		6E5153F42118B0A700598815 /* AppDelegate.swift in Sources */ = {isa = PBXBuildFile; fileRef = 6E5153F32118B0A700598815 /* AppDelegate.swift */; };
		6E5153F62118B0A700598815 /* TopViewController.swift in Sources */ = {isa = PBXBuildFile; fileRef = 6E5153F52118B0A700598815 /* TopViewController.swift */; };
		6E5153F92118B0A700598815 /* TopViewController.storyboard in Resources */ = {isa = PBXBuildFile; fileRef = 6E5153F72118B0A700598815 /* TopViewController.storyboard */; };
		6E5153FB2118B0A900598815 /* Assets.xcassets in Resources */ = {isa = PBXBuildFile; fileRef = 6E5153FA2118B0A900598815 /* Assets.xcassets */; };
		6E5153FE2118B0A900598815 /* LaunchScreen.storyboard in Resources */ = {isa = PBXBuildFile; fileRef = 6E5153FC2118B0A900598815 /* LaunchScreen.storyboard */; };
		6E5154082118B77300598815 /* KeychainAccess.framework in Frameworks */ = {isa = PBXBuildFile; fileRef = 6E5154062118B77300598815 /* KeychainAccess.framework */; };
		6E5154092118B77300598815 /* BitcoinCashKit.framework in Frameworks */ = {isa = PBXBuildFile; fileRef = 6E5154072118B77300598815 /* BitcoinCashKit.framework */; };
		6EA6ECB42121DA32002D1E9F /* debugLog.swift in Sources */ = {isa = PBXBuildFile; fileRef = 6EA6ECB32121DA32002D1E9F /* debugLog.swift */; };
		6EA6ECB62121F2E8002D1E9F /* UserDefaultsManager.swift in Sources */ = {isa = PBXBuildFile; fileRef = 6EA6ECB52121F2E8002D1E9F /* UserDefaultsManager.swift */; };
/* End PBXBuildFile section */

/* Begin PBXFileReference section */
		6E5153F02118B0A700598815 /* bch-wallet.app */ = {isa = PBXFileReference; explicitFileType = wrapper.application; includeInIndex = 0; path = "bch-wallet.app"; sourceTree = BUILT_PRODUCTS_DIR; };
		6E5153F32118B0A700598815 /* AppDelegate.swift */ = {isa = PBXFileReference; lastKnownFileType = sourcecode.swift; path = AppDelegate.swift; sourceTree = "<group>"; };
		6E5153F52118B0A700598815 /* TopViewController.swift */ = {isa = PBXFileReference; lastKnownFileType = sourcecode.swift; path = TopViewController.swift; sourceTree = "<group>"; };
		6E5153F82118B0A700598815 /* Base */ = {isa = PBXFileReference; lastKnownFileType = file.storyboard; name = Base; path = Base.lproj/TopViewController.storyboard; sourceTree = "<group>"; };
		6E5153FA2118B0A900598815 /* Assets.xcassets */ = {isa = PBXFileReference; lastKnownFileType = folder.assetcatalog; path = Assets.xcassets; sourceTree = "<group>"; };
		6E5153FD2118B0A900598815 /* Base */ = {isa = PBXFileReference; lastKnownFileType = file.storyboard; name = Base; path = Base.lproj/LaunchScreen.storyboard; sourceTree = "<group>"; };
		6E5153FF2118B0A900598815 /* Info.plist */ = {isa = PBXFileReference; lastKnownFileType = text.plist.xml; path = Info.plist; sourceTree = "<group>"; };
		6E5154062118B77300598815 /* KeychainAccess.framework */ = {isa = PBXFileReference; lastKnownFileType = wrapper.framework; name = KeychainAccess.framework; path = Carthage/Build/iOS/KeychainAccess.framework; sourceTree = "<group>"; };
		6E5154072118B77300598815 /* BitcoinCashKit.framework */ = {isa = PBXFileReference; lastKnownFileType = wrapper.framework; name = BitcoinCashKit.framework; path = Carthage/Build/iOS/BitcoinCashKit.framework; sourceTree = "<group>"; };
		6EA6ECB32121DA32002D1E9F /* debugLog.swift */ = {isa = PBXFileReference; lastKnownFileType = sourcecode.swift; path = debugLog.swift; sourceTree = "<group>"; };
		6EA6ECB52121F2E8002D1E9F /* UserDefaultsManager.swift */ = {isa = PBXFileReference; lastKnownFileType = sourcecode.swift; path = UserDefaultsManager.swift; sourceTree = "<group>"; };
/* End PBXFileReference section */

/* Begin PBXFrameworksBuildPhase section */
		6E5153ED2118B0A700598815 /* Frameworks */ = {
			isa = PBXFrameworksBuildPhase;
			buildActionMask = 2147483647;
			files = (
				6E5154082118B77300598815 /* KeychainAccess.framework in Frameworks */,
				6E5154092118B77300598815 /* BitcoinCashKit.framework in Frameworks */,
			);
			runOnlyForDeploymentPostprocessing = 0;
		};
/* End PBXFrameworksBuildPhase section */

/* Begin PBXGroup section */
		6E5153E72118B0A700598815 = {
			isa = PBXGroup;
			children = (
				6E5153F22118B0A700598815 /* bch-wallet */,
				6E5153F12118B0A700598815 /* Products */,
				6E5154052118B77300598815 /* Frameworks */,
			);
			sourceTree = "<group>";
		};
		6E5153F12118B0A700598815 /* Products */ = {
			isa = PBXGroup;
			children = (
				6E5153F02118B0A700598815 /* bch-wallet.app */,
			);
			name = Products;
			sourceTree = "<group>";
		};
		6E5153F22118B0A700598815 /* bch-wallet */ = {
			isa = PBXGroup;
			children = (
				6E5153F32118B0A700598815 /* AppDelegate.swift */,
				6E5153F52118B0A700598815 /* TopViewController.swift */,
				6E5153F72118B0A700598815 /* TopViewController.storyboard */,
				6E5153FA2118B0A900598815 /* Assets.xcassets */,
				6E5153FC2118B0A900598815 /* LaunchScreen.storyboard */,
				6E5153FF2118B0A900598815 /* Info.plist */,
				6EA6ECB32121DA32002D1E9F /* debugLog.swift */,
				6EA6ECB52121F2E8002D1E9F /* UserDefaultsManager.swift */,
			);
			path = "bch-wallet";
			sourceTree = "<group>";
		};
		6E5154052118B77300598815 /* Frameworks */ = {
			isa = PBXGroup;
			children = (
				6E5154072118B77300598815 /* BitcoinCashKit.framework */,
				6E5154062118B77300598815 /* KeychainAccess.framework */,
			);
			name = Frameworks;
			sourceTree = "<group>";
		};
/* End PBXGroup section */

/* Begin PBXNativeTarget section */
		6E5153EF2118B0A700598815 /* bch-wallet */ = {
			isa = PBXNativeTarget;
			buildConfigurationList = 6E5154022118B0A900598815 /* Build configuration list for PBXNativeTarget "bch-wallet" */;
			buildPhases = (
				6E5153EC2118B0A700598815 /* Sources */,
				6E5153ED2118B0A700598815 /* Frameworks */,
				6E5153EE2118B0A700598815 /* Resources */,
				6E51540A2118B78000598815 /* ShellScript */,
			);
			buildRules = (
			);
			dependencies = (
			);
			name = "bch-wallet";
			productName = "bch-wallet";
			productReference = 6E5153F02118B0A700598815 /* bch-wallet.app */;
			productType = "com.apple.product-type.application";
		};
/* End PBXNativeTarget section */

/* Begin PBXProject section */
		6E5153E82118B0A700598815 /* Project object */ = {
			isa = PBXProject;
			attributes = {
				LastSwiftUpdateCheck = 1000;
				LastUpgradeCheck = 1000;
				ORGANIZATIONNAME = "下村一将";
				TargetAttributes = {
					6E5153EF2118B0A700598815 = {
						CreatedOnToolsVersion = 10.0;
					};
				};
			};
			buildConfigurationList = 6E5153EB2118B0A700598815 /* Build configuration list for PBXProject "bch-wallet" */;
			compatibilityVersion = "Xcode 9.3";
			developmentRegion = en;
			hasScannedForEncodings = 0;
			knownRegions = (
				en,
				Base,
			);
			mainGroup = 6E5153E72118B0A700598815;
			productRefGroup = 6E5153F12118B0A700598815 /* Products */;
			projectDirPath = "";
			projectRoot = "";
			targets = (
				6E5153EF2118B0A700598815 /* bch-wallet */,
			);
		};
/* End PBXProject section */

/* Begin PBXResourcesBuildPhase section */
		6E5153EE2118B0A700598815 /* Resources */ = {
			isa = PBXResourcesBuildPhase;
			buildActionMask = 2147483647;
			files = (
				6E5153FE2118B0A900598815 /* LaunchScreen.storyboard in Resources */,
				6E5153FB2118B0A900598815 /* Assets.xcassets in Resources */,
				6E5153F92118B0A700598815 /* TopViewController.storyboard in Resources */,
			);
			runOnlyForDeploymentPostprocessing = 0;
		};
/* End PBXResourcesBuildPhase section */

/* Begin PBXShellScriptBuildPhase section */
		6E51540A2118B78000598815 /* ShellScript */ = {
			isa = PBXShellScriptBuildPhase;
			buildActionMask = 2147483647;
			files = (
			);
			inputFileListPaths = (
			);
			inputPaths = (
				"$(SRCROOT)/Carthage/Build/iOS/BitcoinCashKit.framework",
				"$(SRCROOT)/Carthage/Build/iOS/KeychainAccess.framework",
			);
			outputFileListPaths = (
			);
			outputPaths = (
			);
			runOnlyForDeploymentPostprocessing = 0;
			shellPath = /bin/sh;
			shellScript = "/usr/local/bin/carthage copy-frameworks\n\n";
		};
/* End PBXShellScriptBuildPhase section */

/* Begin PBXSourcesBuildPhase section */
		6E5153EC2118B0A700598815 /* Sources */ = {
			isa = PBXSourcesBuildPhase;
			buildActionMask = 2147483647;
			files = (
				6E5153F62118B0A700598815 /* TopViewController.swift in Sources */,
				6EA6ECB42121DA32002D1E9F /* debugLog.swift in Sources */,
				6EA6ECB62121F2E8002D1E9F /* UserDefaultsManager.swift in Sources */,
				6E5153F42118B0A700598815 /* AppDelegate.swift in Sources */,
			);
			runOnlyForDeploymentPostprocessing = 0;
		};
/* End PBXSourcesBuildPhase section */

/* Begin PBXVariantGroup section */
		6E5153F72118B0A700598815 /* TopViewController.storyboard */ = {
			isa = PBXVariantGroup;
			children = (
				6E5153F82118B0A700598815 /* Base */,
			);
			name = TopViewController.storyboard;
			sourceTree = "<group>";
		};
		6E5153FC2118B0A900598815 /* LaunchScreen.storyboard */ = {
			isa = PBXVariantGroup;
			children = (
				6E5153FD2118B0A900598815 /* Base */,
			);
			name = LaunchScreen.storyboard;
			sourceTree = "<group>";
		};
/* End PBXVariantGroup section */

/* Begin XCBuildConfiguration section */
		6E5154002118B0A900598815 /* Debug */ = {
			isa = XCBuildConfiguration;
			buildSettings = {
				ALWAYS_SEARCH_USER_PATHS = NO;
				CLANG_ANALYZER_NONNULL = YES;
				CLANG_ANALYZER_NUMBER_OBJECT_CONVERSION = YES_AGGRESSIVE;
				CLANG_CXX_LANGUAGE_STANDARD = "gnu++14";
				CLANG_CXX_LIBRARY = "libc++";
				CLANG_ENABLE_MODULES = YES;
				CLANG_ENABLE_OBJC_ARC = YES;
				CLANG_ENABLE_OBJC_WEAK = YES;
				CLANG_WARN_BLOCK_CAPTURE_AUTORELEASING = YES;
				CLANG_WARN_BOOL_CONVERSION = YES;
				CLANG_WARN_COMMA = YES;
				CLANG_WARN_CONSTANT_CONVERSION = YES;
				CLANG_WARN_DEPRECATED_OBJC_IMPLEMENTATIONS = YES;
				CLANG_WARN_DIRECT_OBJC_ISA_USAGE = YES_ERROR;
				CLANG_WARN_DOCUMENTATION_COMMENTS = YES;
				CLANG_WARN_EMPTY_BODY = YES;
				CLANG_WARN_ENUM_CONVERSION = YES;
				CLANG_WARN_INFINITE_RECURSION = YES;
				CLANG_WARN_INT_CONVERSION = YES;
				CLANG_WARN_NON_LITERAL_NULL_CONVERSION = YES;
				CLANG_WARN_OBJC_IMPLICIT_RETAIN_SELF = YES;
				CLANG_WARN_OBJC_LITERAL_CONVERSION = YES;
				CLANG_WARN_OBJC_ROOT_CLASS = YES_ERROR;
				CLANG_WARN_RANGE_LOOP_ANALYSIS = YES;
				CLANG_WARN_STRICT_PROTOTYPES = YES;
				CLANG_WARN_SUSPICIOUS_MOVE = YES;
				CLANG_WARN_UNGUARDED_AVAILABILITY = YES_AGGRESSIVE;
				CLANG_WARN_UNREACHABLE_CODE = YES;
				CLANG_WARN__DUPLICATE_METHOD_MATCH = YES;
				CODE_SIGN_IDENTITY = "iPhone Developer";
				COPY_PHASE_STRIP = NO;
				DEBUG_INFORMATION_FORMAT = dwarf;
				ENABLE_STRICT_OBJC_MSGSEND = YES;
				ENABLE_TESTABILITY = YES;
				GCC_C_LANGUAGE_STANDARD = gnu11;
				GCC_DYNAMIC_NO_PIC = NO;
				GCC_NO_COMMON_BLOCKS = YES;
				GCC_OPTIMIZATION_LEVEL = 0;
				GCC_PREPROCESSOR_DEFINITIONS = (
					"DEBUG=1",
					"$(inherited)",
				);
				GCC_WARN_64_TO_32_BIT_CONVERSION = YES;
				GCC_WARN_ABOUT_RETURN_TYPE = YES_ERROR;
				GCC_WARN_UNDECLARED_SELECTOR = YES;
				GCC_WARN_UNINITIALIZED_AUTOS = YES_AGGRESSIVE;
				GCC_WARN_UNUSED_FUNCTION = YES;
				GCC_WARN_UNUSED_VARIABLE = YES;
				IPHONEOS_DEPLOYMENT_TARGET = 12.0;
				MTL_ENABLE_DEBUG_INFO = INCLUDE_SOURCE;
				MTL_FAST_MATH = YES;
				ONLY_ACTIVE_ARCH = YES;
				SDKROOT = iphoneos;
				SWIFT_ACTIVE_COMPILATION_CONDITIONS = DEBUG;
				SWIFT_OPTIMIZATION_LEVEL = "-Onone";
			};
			name = Debug;
		};
		6E5154012118B0A900598815 /* Release */ = {
			isa = XCBuildConfiguration;
			buildSettings = {
				ALWAYS_SEARCH_USER_PATHS = NO;
				CLANG_ANALYZER_NONNULL = YES;
				CLANG_ANALYZER_NUMBER_OBJECT_CONVERSION = YES_AGGRESSIVE;
				CLANG_CXX_LANGUAGE_STANDARD = "gnu++14";
				CLANG_CXX_LIBRARY = "libc++";
				CLANG_ENABLE_MODULES = YES;
				CLANG_ENABLE_OBJC_ARC = YES;
				CLANG_ENABLE_OBJC_WEAK = YES;
				CLANG_WARN_BLOCK_CAPTURE_AUTORELEASING = YES;
				CLANG_WARN_BOOL_CONVERSION = YES;
				CLANG_WARN_COMMA = YES;
				CLANG_WARN_CONSTANT_CONVERSION = YES;
				CLANG_WARN_DEPRECATED_OBJC_IMPLEMENTATIONS = YES;
				CLANG_WARN_DIRECT_OBJC_ISA_USAGE = YES_ERROR;
				CLANG_WARN_DOCUMENTATION_COMMENTS = YES;
				CLANG_WARN_EMPTY_BODY = YES;
				CLANG_WARN_ENUM_CONVERSION = YES;
				CLANG_WARN_INFINITE_RECURSION = YES;
				CLANG_WARN_INT_CONVERSION = YES;
				CLANG_WARN_NON_LITERAL_NULL_CONVERSION = YES;
				CLANG_WARN_OBJC_IMPLICIT_RETAIN_SELF = YES;
				CLANG_WARN_OBJC_LITERAL_CONVERSION = YES;
				CLANG_WARN_OBJC_ROOT_CLASS = YES_ERROR;
				CLANG_WARN_RANGE_LOOP_ANALYSIS = YES;
				CLANG_WARN_STRICT_PROTOTYPES = YES;
				CLANG_WARN_SUSPICIOUS_MOVE = YES;
				CLANG_WARN_UNGUARDED_AVAILABILITY = YES_AGGRESSIVE;
				CLANG_WARN_UNREACHABLE_CODE = YES;
				CLANG_WARN__DUPLICATE_METHOD_MATCH = YES;
				CODE_SIGN_IDENTITY = "iPhone Developer";
				COPY_PHASE_STRIP = NO;
				DEBUG_INFORMATION_FORMAT = "dwarf-with-dsym";
				ENABLE_NS_ASSERTIONS = NO;
				ENABLE_STRICT_OBJC_MSGSEND = YES;
				GCC_C_LANGUAGE_STANDARD = gnu11;
				GCC_NO_COMMON_BLOCKS = YES;
				GCC_WARN_64_TO_32_BIT_CONVERSION = YES;
				GCC_WARN_ABOUT_RETURN_TYPE = YES_ERROR;
				GCC_WARN_UNDECLARED_SELECTOR = YES;
				GCC_WARN_UNINITIALIZED_AUTOS = YES_AGGRESSIVE;
				GCC_WARN_UNUSED_FUNCTION = YES;
				GCC_WARN_UNUSED_VARIABLE = YES;
				IPHONEOS_DEPLOYMENT_TARGET = 12.0;
				MTL_ENABLE_DEBUG_INFO = NO;
				MTL_FAST_MATH = YES;
				SDKROOT = iphoneos;
				SWIFT_COMPILATION_MODE = wholemodule;
				SWIFT_OPTIMIZATION_LEVEL = "-O";
				VALIDATE_PRODUCT = YES;
			};
			name = Release;
		};
		6E5154032118B0A900598815 /* Debug */ = {
			isa = XCBuildConfiguration;
			buildSettings = {
				ASSETCATALOG_COMPILER_APPICON_NAME = AppIcon;
				CODE_SIGN_STYLE = Automatic;
				FRAMEWORK_SEARCH_PATHS = (
					"$(inherited)",
					"$(PROJECT_DIR)/Carthage/Build/iOS",
				);
				INFOPLIST_FILE = "bch-wallet/Info.plist";
				LD_RUNPATH_SEARCH_PATHS = (
					"$(inherited)",
					"@executable_path/Frameworks",
				);
				PRODUCT_BUNDLE_IDENTIFIER = "com.kazu.bch-wallet";
				PRODUCT_NAME = "$(TARGET_NAME)";
				SWIFT_VERSION = 4.2;
				TARGETED_DEVICE_FAMILY = "1,2";
			};
			name = Debug;
		};
		6E5154042118B0A900598815 /* Release */ = {
			isa = XCBuildConfiguration;
			buildSettings = {
				ASSETCATALOG_COMPILER_APPICON_NAME = AppIcon;
				CODE_SIGN_STYLE = Automatic;
				FRAMEWORK_SEARCH_PATHS = (
					"$(inherited)",
					"$(PROJECT_DIR)/Carthage/Build/iOS",
				);
				INFOPLIST_FILE = "bch-wallet/Info.plist";
				LD_RUNPATH_SEARCH_PATHS = (
					"$(inherited)",
					"@executable_path/Frameworks",
				);
				PRODUCT_BUNDLE_IDENTIFIER = "com.kazu.bch-wallet";
				PRODUCT_NAME = "$(TARGET_NAME)";
				SWIFT_VERSION = 4.2;
				TARGETED_DEVICE_FAMILY = "1,2";
			};
			name = Release;
		};
/* End XCBuildConfiguration section */

/* Begin XCConfigurationList section */
		6E5153EB2118B0A700598815 /* Build configuration list for PBXProject "bch-wallet" */ = {
			isa = XCConfigurationList;
			buildConfigurations = (
				6E5154002118B0A900598815 /* Debug */,
				6E5154012118B0A900598815 /* Release */,
			);
			defaultConfigurationIsVisible = 0;
			defaultConfigurationName = Release;
		};
		6E5154022118B0A900598815 /* Build configuration list for PBXNativeTarget "bch-wallet" */ = {
			isa = XCConfigurationList;
			buildConfigurations = (
				6E5154032118B0A900598815 /* Debug */,
				6E5154042118B0A900598815 /* Release */,
			);
			defaultConfigurationIsVisible = 0;
			defaultConfigurationName = Release;
		};
/* End XCConfigurationList section */
	};
	rootObject = 6E5153E82118B0A700598815 /* Project object */;
}
